// !$*UTF8*$!
{
	archiveVersion = 1;
	classes = {
	};
	objectVersion = 48;
	objects = {

/* Begin PBXBuildFile section */
		E316FC642009E22000797873 /* VsMachineViewController.swift in Sources */ = {isa = PBXBuildFile; fileRef = E316FC632009E22000797873 /* VsMachineViewController.swift */; };
		E34442A21FC9EB6A00B4077A /* AppDelegate.swift in Sources */ = {isa = PBXBuildFile; fileRef = E34442A11FC9EB6A00B4077A /* AppDelegate.swift */; };
		E34442A41FC9EB6A00B4077A /* EnterenceViewController.swift in Sources */ = {isa = PBXBuildFile; fileRef = E34442A31FC9EB6A00B4077A /* EnterenceViewController.swift */; };
		E34442A71FC9EB6A00B4077A /* Main.storyboard in Resources */ = {isa = PBXBuildFile; fileRef = E34442A51FC9EB6A00B4077A /* Main.storyboard */; };
		E34442A91FC9EB6A00B4077A /* Assets.xcassets in Resources */ = {isa = PBXBuildFile; fileRef = E34442A81FC9EB6A00B4077A /* Assets.xcassets */; };
		E34442AC1FC9EB6A00B4077A /* LaunchScreen.storyboard in Resources */ = {isa = PBXBuildFile; fileRef = E34442AA1FC9EB6A00B4077A /* LaunchScreen.storyboard */; };
		E34442B41FC9F32100B4077A /* VsPlayerViewController.swift in Sources */ = {isa = PBXBuildFile; fileRef = E34442B31FC9F32100B4077A /* VsPlayerViewController.swift */; };
		E37E2B0A20085D63003CF3FD /* boardModel.swift in Sources */ = {isa = PBXBuildFile; fileRef = E37E2B0920085D63003CF3FD /* boardModel.swift */; };
/* End PBXBuildFile section */

/* Begin PBXFileReference section */
		E316FC632009E22000797873 /* VsMachineViewController.swift */ = {isa = PBXFileReference; lastKnownFileType = sourcecode.swift; path = VsMachineViewController.swift; sourceTree = "<group>"; };
		E344429E1FC9EB6A00B4077A /* XOX.app */ = {isa = PBXFileReference; explicitFileType = wrapper.application; includeInIndex = 0; path = XOX.app; sourceTree = BUILT_PRODUCTS_DIR; };
		E34442A11FC9EB6A00B4077A /* AppDelegate.swift */ = {isa = PBXFileReference; lastKnownFileType = sourcecode.swift; path = AppDelegate.swift; sourceTree = "<group>"; };
		E34442A31FC9EB6A00B4077A /* EnterenceViewController.swift */ = {isa = PBXFileReference; lastKnownFileType = sourcecode.swift; path = EnterenceViewController.swift; sourceTree = "<group>"; };
		E34442A61FC9EB6A00B4077A /* Base */ = {isa = PBXFileReference; lastKnownFileType = file.storyboard; name = Base; path = Base.lproj/Main.storyboard; sourceTree = "<group>"; };
		E34442A81FC9EB6A00B4077A /* Assets.xcassets */ = {isa = PBXFileReference; lastKnownFileType = folder.assetcatalog; path = Assets.xcassets; sourceTree = "<group>"; };
		E34442AB1FC9EB6A00B4077A /* Base */ = {isa = PBXFileReference; lastKnownFileType = file.storyboard; name = Base; path = Base.lproj/LaunchScreen.storyboard; sourceTree = "<group>"; };
		E34442AD1FC9EB6A00B4077A /* Info.plist */ = {isa = PBXFileReference; lastKnownFileType = text.plist.xml; path = Info.plist; sourceTree = "<group>"; };
		E34442B31FC9F32100B4077A /* VsPlayerViewController.swift */ = {isa = PBXFileReference; lastKnownFileType = sourcecode.swift; path = VsPlayerViewController.swift; sourceTree = "<group>"; };
		E37E2B0920085D63003CF3FD /* boardModel.swift */ = {isa = PBXFileReference; lastKnownFileType = sourcecode.swift; path = boardModel.swift; sourceTree = "<group>"; };
/* End PBXFileReference section */

/* Begin PBXFrameworksBuildPhase section */
		E344429B1FC9EB6A00B4077A /* Frameworks */ = {
			isa = PBXFrameworksBuildPhase;
			buildActionMask = 2147483647;
			files = (
			);
			runOnlyForDeploymentPostprocessing = 0;
		};
/* End PBXFrameworksBuildPhase section */

/* Begin PBXGroup section */
		E34442951FC9EB6A00B4077A = {
			isa = PBXGroup;
			children = (
				E34442A01FC9EB6A00B4077A /* XOX */,
				E344429F1FC9EB6A00B4077A /* Products */,
			);
			sourceTree = "<group>";
		};
		E344429F1FC9EB6A00B4077A /* Products */ = {
			isa = PBXGroup;
			children = (
				E344429E1FC9EB6A00B4077A /* XOX.app */,
			);
			name = Products;
			sourceTree = "<group>";
		};
		E34442A01FC9EB6A00B4077A /* XOX */ = {
			isa = PBXGroup;
			children = (
				E316FC632009E22000797873 /* VsMachineViewController.swift */,
				E34442A11FC9EB6A00B4077A /* AppDelegate.swift */,
				E34442B31FC9F32100B4077A /* VsPlayerViewController.swift */,
				E34442A31FC9EB6A00B4077A /* EnterenceViewController.swift */,
				E34442A51FC9EB6A00B4077A /* Main.storyboard */,
				E34442A81FC9EB6A00B4077A /* Assets.xcassets */,
				E34442AA1FC9EB6A00B4077A /* LaunchScreen.storyboard */,
				E34442AD1FC9EB6A00B4077A /* Info.plist */,
				E37E2B0920085D63003CF3FD /* boardModel.swift */,
			);
			path = XOX;
			sourceTree = "<group>";
		};
/* End PBXGroup section */

/* Begin PBXNativeTarget section */
		E344429D1FC9EB6A00B4077A /* XOX */ = {
			isa = PBXNativeTarget;
			buildConfigurationList = E34442B01FC9EB6A00B4077A /* Build configuration list for PBXNativeTarget "XOX" */;
			buildPhases = (
				E344429A1FC9EB6A00B4077A /* Sources */,
				E344429B1FC9EB6A00B4077A /* Frameworks */,
				E344429C1FC9EB6A00B4077A /* Resources */,
			);
			buildRules = (
			);
			dependencies = (
			);
			name = XOX;
			productName = XOX;
			productReference = E344429E1FC9EB6A00B4077A /* XOX.app */;
			productType = "com.apple.product-type.application";
		};
/* End PBXNativeTarget section */

/* Begin PBXProject section */
		E34442961FC9EB6A00B4077A /* Project object */ = {
			isa = PBXProject;
			attributes = {
				LastSwiftUpdateCheck = 0910;
				LastUpgradeCheck = 0910;
				ORGANIZATIONNAME = "Sadik Ekin Ozbay";
				TargetAttributes = {
					E344429D1FC9EB6A00B4077A = {
						CreatedOnToolsVersion = 9.1;
						ProvisioningStyle = Automatic;
					};
				};
			};
			buildConfigurationList = E34442991FC9EB6A00B4077A /* Build configuration list for PBXProject "XOX" */;
			compatibilityVersion = "Xcode 8.0";
			developmentRegion = en;
			hasScannedForEncodings = 0;
			knownRegions = (
				en,
				Base,
			);
			mainGroup = E34442951FC9EB6A00B4077A;
			productRefGroup = E344429F1FC9EB6A00B4077A /* Products */;
			projectDirPath = "";
			projectRoot = "";
			targets = (
				E344429D1FC9EB6A00B4077A /* XOX */,
			);
		};
/* End PBXProject section */

/* Begin PBXResourcesBuildPhase section */
		E344429C1FC9EB6A00B4077A /* Resources */ = {
			isa = PBXResourcesBuildPhase;
			buildActionMask = 2147483647;
			files = (
				E34442AC1FC9EB6A00B4077A /* LaunchScreen.storyboard in Resources */,
				E34442A91FC9EB6A00B4077A /* Assets.xcassets in Resources */,
				E34442A71FC9EB6A00B4077A /* Main.storyboard in Resources */,
			);
			runOnlyForDeploymentPostprocessing = 0;
		};
/* End PBXResourcesBuildPhase section */

/* Begin PBXSourcesBuildPhase section */
		E344429A1FC9EB6A00B4077A /* Sources */ = {
			isa = PBXSourcesBuildPhase;
			buildActionMask = 2147483647;
			files = (
				E37E2B0A20085D63003CF3FD /* boardModel.swift in Sources */,
				E34442B41FC9F32100B4077A /* VsPlayerViewController.swift in Sources */,
				E34442A41FC9EB6A00B4077A /* EnterenceViewController.swift in Sources */,
				E34442A21FC9EB6A00B4077A /* AppDelegate.swift in Sources */,
				E316FC642009E22000797873 /* VsMachineViewController.swift in Sources */,
			);
			runOnlyForDeploymentPostprocessing = 0;
		};
/* End PBXSourcesBuildPhase section */

/* Begin PBXVariantGroup section */
		E34442A51FC9EB6A00B4077A /* Main.storyboard */ = {
			isa = PBXVariantGroup;
			children = (
				E34442A61FC9EB6A00B4077A /* Base */,
			);
			name = Main.storyboard;
			sourceTree = "<group>";
		};
		E34442AA1FC9EB6A00B4077A /* LaunchScreen.storyboard */ = {
			isa = PBXVariantGroup;
			children = (
				E34442AB1FC9EB6A00B4077A /* Base */,
			);
			name = LaunchScreen.storyboard;
			sourceTree = "<group>";
		};
/* End PBXVariantGroup section */

/* Begin XCBuildConfiguration section */
		E34442AE1FC9EB6A00B4077A /* Debug */ = {
			isa = XCBuildConfiguration;
			buildSettings = {
				ALWAYS_SEARCH_USER_PATHS = NO;
				CLANG_ANALYZER_NONNULL = YES;
				CLANG_ANALYZER_NUMBER_OBJECT_CONVERSION = YES_AGGRESSIVE;
				CLANG_CXX_LANGUAGE_STANDARD = "gnu++14";
				CLANG_CXX_LIBRARY = "libc++";
				CLANG_ENABLE_MODULES = YES;
				CLANG_ENABLE_OBJC_ARC = YES;
				CLANG_WARN_BLOCK_CAPTURE_AUTORELEASING = YES;
				CLANG_WARN_BOOL_CONVERSION = YES;
				CLANG_WARN_COMMA = YES;
				CLANG_WARN_CONSTANT_CONVERSION = YES;
				CLANG_WARN_DIRECT_OBJC_ISA_USAGE = YES_ERROR;
				CLANG_WARN_DOCUMENTATION_COMMENTS = YES;
				CLANG_WARN_EMPTY_BODY = YES;
				CLANG_WARN_ENUM_CONVERSION = YES;
				CLANG_WARN_INFINITE_RECURSION = YES;
				CLANG_WARN_INT_CONVERSION = YES;
				CLANG_WARN_NON_LITERAL_NULL_CONVERSION = YES;
				CLANG_WARN_OBJC_LITERAL_CONVERSION = YES;
				CLANG_WARN_OBJC_ROOT_CLASS = YES_ERROR;
				CLANG_WARN_RANGE_LOOP_ANALYSIS = YES;
				CLANG_WARN_STRICT_PROTOTYPES = YES;
				CLANG_WARN_SUSPICIOUS_MOVE = YES;
				CLANG_WARN_UNGUARDED_AVAILABILITY = YES_AGGRESSIVE;
				CLANG_WARN_UNREACHABLE_CODE = YES;
				CLANG_WARN__DUPLICATE_METHOD_MATCH = YES;
				CODE_SIGN_IDENTITY = "iPhone Developer";
				COPY_PHASE_STRIP = NO;
				DEBUG_INFORMATION_FORMAT = dwarf;
				ENABLE_STRICT_OBJC_MSGSEND = YES;
				ENABLE_TESTABILITY = YES;
				GCC_C_LANGUAGE_STANDARD = gnu11;
				GCC_DYNAMIC_NO_PIC = NO;
				GCC_NO_COMMON_BLOCKS = YES;
				GCC_OPTIMIZATION_LEVEL = 0;
				GCC_PREPROCESSOR_DEFINITIONS = (
					"DEBUG=1",
					"$(inherited)",
				);
				GCC_WARN_64_TO_32_BIT_CONVERSION = YES;
				GCC_WARN_ABOUT_RETURN_TYPE = YES_ERROR;
				GCC_WARN_UNDECLARED_SELECTOR = YES;
				GCC_WARN_UNINITIALIZED_AUTOS = YES_AGGRESSIVE;
				GCC_WARN_UNUSED_FUNCTION = YES;
				GCC_WARN_UNUSED_VARIABLE = YES;
				IPHONEOS_DEPLOYMENT_TARGET = 11.1;
				MTL_ENABLE_DEBUG_INFO = YES;
				ONLY_ACTIVE_ARCH = YES;
				SDKROOT = iphoneos;
				SWIFT_ACTIVE_COMPILATION_CONDITIONS = DEBUG;
				SWIFT_OPTIMIZATION_LEVEL = "-Onone";
			};
			name = Debug;
		};
		E34442AF1FC9EB6A00B4077A /* Release */ = {
			isa = XCBuildConfiguration;
			buildSettings = {
				ALWAYS_SEARCH_USER_PATHS = NO;
				CLANG_ANALYZER_NONNULL = YES;
				CLANG_ANALYZER_NUMBER_OBJECT_CONVERSION = YES_AGGRESSIVE;
				CLANG_CXX_LANGUAGE_STANDARD = "gnu++14";
				CLANG_CXX_LIBRARY = "libc++";
				CLANG_ENABLE_MODULES = YES;
				CLANG_ENABLE_OBJC_ARC = YES;
				CLANG_WARN_BLOCK_CAPTURE_AUTORELEASING = YES;
				CLANG_WARN_BOOL_CONVERSION = YES;
				CLANG_WARN_COMMA = YES;
				CLANG_WARN_CONSTANT_CONVERSION = YES;
				CLANG_WARN_DIRECT_OBJC_ISA_USAGE = YES_ERROR;
				CLANG_WARN_DOCUMENTATION_COMMENTS = YES;
				CLANG_WARN_EMPTY_BODY = YES;
				CLANG_WARN_ENUM_CONVERSION = YES;
				CLANG_WARN_INFINITE_RECURSION = YES;
				CLANG_WARN_INT_CONVERSION = YES;
				CLANG_WARN_NON_LITERAL_NULL_CONVERSION = YES;
				CLANG_WARN_OBJC_LITERAL_CONVERSION = YES;
				CLANG_WARN_OBJC_ROOT_CLASS = YES_ERROR;
				CLANG_WARN_RANGE_LOOP_ANALYSIS = YES;
				CLANG_WARN_STRICT_PROTOTYPES = YES;
				CLANG_WARN_SUSPICIOUS_MOVE = YES;
				CLANG_WARN_UNGUARDED_AVAILABILITY = YES_AGGRESSIVE;
				CLANG_WARN_UNREACHABLE_CODE = YES;
				CLANG_WARN__DUPLICATE_METHOD_MATCH = YES;
				CODE_SIGN_IDENTITY = "iPhone Developer";
				COPY_PHASE_STRIP = NO;
				DEBUG_INFORMATION_FORMAT = "dwarf-with-dsym";
				ENABLE_NS_ASSERTIONS = NO;
				ENABLE_STRICT_OBJC_MSGSEND = YES;
				GCC_C_LANGUAGE_STANDARD = gnu11;
				GCC_NO_COMMON_BLOCKS = YES;
				GCC_WARN_64_TO_32_BIT_CONVERSION = YES;
				GCC_WARN_ABOUT_RETURN_TYPE = YES_ERROR;
				GCC_WARN_UNDECLARED_SELECTOR = YES;
				GCC_WARN_UNINITIALIZED_AUTOS = YES_AGGRESSIVE;
				GCC_WARN_UNUSED_FUNCTION = YES;
				GCC_WARN_UNUSED_VARIABLE = YES;
				IPHONEOS_DEPLOYMENT_TARGET = 11.1;
				MTL_ENABLE_DEBUG_INFO = NO;
				SDKROOT = iphoneos;
				SWIFT_OPTIMIZATION_LEVEL = "-Owholemodule";
				VALIDATE_PRODUCT = YES;
			};
			name = Release;
		};
		E34442B11FC9EB6A00B4077A /* Debug */ = {
			isa = XCBuildConfiguration;
			buildSettings = {
				ASSETCATALOG_COMPILER_APPICON_NAME = AppIcon;
				CODE_SIGN_STYLE = Automatic;
				DEVELOPMENT_TEAM = KH4D6VQ55F;
				INFOPLIST_FILE = XOX/Info.plist;
				LD_RUNPATH_SEARCH_PATHS = "$(inherited) @executable_path/Frameworks";
				PRODUCT_BUNDLE_IDENTIFIER = com.sadikekinozbay.XOX;
				PRODUCT_NAME = "$(TARGET_NAME)";
				SWIFT_VERSION = 4.0;
				TARGETED_DEVICE_FAMILY = "1,2";
			};
			name = Debug;
		};
		E34442B21FC9EB6A00B4077A /* Release */ = {
			isa = XCBuildConfiguration;
			buildSettings = {
				ASSETCATALOG_COMPILER_APPICON_NAME = AppIcon;
				CODE_SIGN_STYLE = Automatic;
				DEVELOPMENT_TEAM = KH4D6VQ55F;
				INFOPLIST_FILE = XOX/Info.plist;
				LD_RUNPATH_SEARCH_PATHS = "$(inherited) @executable_path/Frameworks";
				PRODUCT_BUNDLE_IDENTIFIER = com.sadikekinozbay.XOX;
				PRODUCT_NAME = "$(TARGET_NAME)";
				SWIFT_VERSION = 4.0;
				TARGETED_DEVICE_FAMILY = "1,2";
			};
			name = Release;
		};
/* End XCBuildConfiguration section */

/* Begin XCConfigurationList section */
		E34442991FC9EB6A00B4077A /* Build configuration list for PBXProject "XOX" */ = {
			isa = XCConfigurationList;
			buildConfigurations = (
				E34442AE1FC9EB6A00B4077A /* Debug */,
				E34442AF1FC9EB6A00B4077A /* Release */,
			);
			defaultConfigurationIsVisible = 0;
			defaultConfigurationName = Release;
		};
		E34442B01FC9EB6A00B4077A /* Build configuration list for PBXNativeTarget "XOX" */ = {
			isa = XCConfigurationList;
			buildConfigurations = (
				E34442B11FC9EB6A00B4077A /* Debug */,
				E34442B21FC9EB6A00B4077A /* Release */,
			);
			defaultConfigurationIsVisible = 0;
			defaultConfigurationName = Release;
		};
/* End XCConfigurationList section */
	};
	rootObject = E34442961FC9EB6A00B4077A /* Project object */;
}
